
Microsoft Visual Studio Solution File, Format Version 12.00
# Visual Studio Version 17
VisualStudioVersion = 17.8.34004.107
MinimumVisualStudioVersion = 10.0.40219.1
Project("{FAE04EC0-301F-11D3-BF4B-00C04F79EFBC}") = "HomeWork03", "HomeWork03\HomeWork03.csproj", "{C15A249F-1ECB-447D-968A-3EAD9DD79D3B}"
EndProject
Global
	GlobalSection(SolutionConfigurationPlatforms) = preSolution
		Debug|Any CPU = Debug|Any CPU
		Release|Any CPU = Release|Any CPU
	EndGlobalSection
	GlobalSection(ProjectConfigurationPlatforms) = postSolution
		{C15A249F-1ECB-447D-968A-3EAD9DD79D3B}.Debug|Any CPU.ActiveCfg = Debug|Any CPU
		{C15A249F-1ECB-447D-968A-3EAD9DD79D3B}.Debug|Any CPU.Build.0 = Debug|Any CPU
		{C15A249F-1ECB-447D-968A-3EAD9DD79D3B}.Release|Any CPU.ActiveCfg = Release|Any CPU
		{C15A249F-1ECB-447D-968A-3EAD9DD79D3B}.Release|Any CPU.Build.0 = Release|Any CPU
	EndGlobalSection
	GlobalSection(SolutionProperties) = preSolution
		HideSolutionNode = FALSE
	EndGlobalSection
	GlobalSection(ExtensibilityGlobals) = postSolution
		SolutionGuid = {A0C02F5C-2EEF-4901-990B-7453A858DF80}
	EndGlobalSection
EndGlobal
